
Microsoft Visual Studio Solution File, Format Version 12.00
# Visual Studio 14
VisualStudioVersion = 14.0.24720.0
MinimumVisualStudioVersion = 10.0.40219.1
Project("{FAE04EC0-301F-11D3-BF4B-00C04F79EFBC}") = "PaymentKiosk", "PaymentKiosk\PaymentKiosk.csproj", "{3E5C2BEC-9AE9-4F31-BC60-5343C2942599}"
EndProject
Project("{FAE04EC0-301F-11D3-BF4B-00C04F79EFBC}") = "PaymentKiosk.Core", "PaymentKiosk.Core\PaymentKiosk.Core.csproj", "{E799F83B-E07B-4A42-863C-C6BCD6625EEF}"
EndProject
Global
	GlobalSection(SolutionConfigurationPlatforms) = preSolution
		Debug|Any CPU = Debug|Any CPU
		Release|Any CPU = Release|Any CPU
	EndGlobalSection
	GlobalSection(ProjectConfigurationPlatforms) = postSolution
		{3E5C2BEC-9AE9-4F31-BC60-5343C2942599}.Debug|Any CPU.ActiveCfg = Debug|Any CPU
		{3E5C2BEC-9AE9-4F31-BC60-5343C2942599}.Debug|Any CPU.Build.0 = Debug|Any CPU
		{3E5C2BEC-9AE9-4F31-BC60-5343C2942599}.Release|Any CPU.ActiveCfg = Release|Any CPU
		{3E5C2BEC-9AE9-4F31-BC60-5343C2942599}.Release|Any CPU.Build.0 = Release|Any CPU
		{E799F83B-E07B-4A42-863C-C6BCD6625EEF}.Debug|Any CPU.ActiveCfg = Debug|Any CPU
		{E799F83B-E07B-4A42-863C-C6BCD6625EEF}.Debug|Any CPU.Build.0 = Debug|Any CPU
		{E799F83B-E07B-4A42-863C-C6BCD6625EEF}.Release|Any CPU.ActiveCfg = Release|Any CPU
		{E799F83B-E07B-4A42-863C-C6BCD6625EEF}.Release|Any CPU.Build.0 = Release|Any CPU
	EndGlobalSection
	GlobalSection(SolutionProperties) = preSolution
		HideSolutionNode = FALSE
	EndGlobalSection
EndGlobal
